# This file was autogenerated by Stack.
# You should not edit this file by hand.
# For more information, please see the documentation at:
#   https://docs.haskellstack.org/en/stable/lock_files

packages:
- completed:
    hackage: jsaddle-0.9.8.2@sha256:e8c003801eb9364fcd6b1e0cda34f072a537bcfa767e6eb8c626836dae77ba04,4419
    pantry-tree:
      sha256: 496419613896d8177b37185a912dad72e9033875a03315554d9de52b66d6ccc1
      size: 4329
  original:
    hackage: jsaddle-0.9.8.2
- completed:
    hackage: jsaddle-dom-0.9.5.0@sha256:5a60ba628928ccc03c69118e9f2050805e795684a7a63d77bc9737a3ab86322e,75700
    pantry-tree:
      sha256: c3a8802418388ab09b5425bb6cbb003286f2a55cedb9c0984ed4d0aca65a0794
      size: 48295
  original:
    hackage: jsaddle-dom-0.9.5.0
- completed:
    hackage: jsaddle-warp-0.9.8.2@sha256:675dc2a68271daf86848d220c5c562415db1b63e56a6cc6e748e044da5138f0c,2713
    pantry-tree:
      sha256: c9121332e47ea5d2b1db1d877711f56a1500357f5bfb73a3b1280ce44e5230aa
      size: 475
  original:
    hackage: jsaddle-warp-0.9.8.2
- completed:
    hackage: reflex-0.9.0.0@sha256:ce464d07645ee5c3f586e6271f46cf94937024ff102dabb4a239828680f481de,12161
    pantry-tree:
      sha256: d2d4c2b67d19b796876279ef26fcb4d854d44a6b136b62ca3fcc0adc58bff0dc
      size: 4664
  original:
    hackage: reflex-0.9.0.0
- completed:
    hackage: reflex-dom-0.6.1.1@sha256:37d33c69b07b8c899bc01ea22cd7b8fb3868106c014e377135bfada851802c3d,6535
    pantry-tree:
      sha256: c8ebe3af077a9e86385ac4b4cdaf9d2833e61344d76cd65f8ff5302510822b52
      size: 808
  original:
    hackage: reflex-dom-0.6.1.1
- completed:
    commit: 69cc4042928231ed942acf5024a5a619a87b89ef
    git: https://github.com/kdavids4/reflex-dom.git
    name: reflex-dom-core
    pantry-tree:
      sha256: c2d45458f3d75018719be4781ce7b891f1cf31d800a743dfa15b43901bf03640
      size: 2919
    subdir: reflex-dom-core
    version: 0.7.0.2
  original:
    commit: 69cc4042928231ed942acf5024a5a619a87b89ef
    git: https://github.com/kdavids4/reflex-dom.git
    subdir: reflex-dom-core
- completed:
    commit: 831d8acbf5384ecf0410e8db29a6e6d89a21e8d9
    git: https://github.com/kdavids4/ghcjs-dom.git
    name: ghcjs-dom
    pantry-tree:
      sha256: f862e202c5c739b545e0d14d95e16ae5975b80f5a4eff2897f143ec3203e2aa3
      size: 453
    subdir: ghcjs-dom
    version: 0.9.5.0
  original:
    commit: 831d8acbf5384ecf0410e8db29a6e6d89a21e8d9
    git: https://github.com/kdavids4/ghcjs-dom.git
    subdir: ghcjs-dom
- completed:
    hackage: ghcjs-dom-jsaddle-0.9.5.0@sha256:7a903b5d8e2b6ef94174def9bf70e3f870ea96c2f68275069d278c6dcdf2f418,39629
    pantry-tree:
      sha256: f3a0fdd986bce48a504d3d55af69176ad22483ed06765c0acb81d47ae745cbcb
      size: 164
  original:
    hackage: ghcjs-dom-jsaddle-0.9.5.0
- completed:
    hackage: patch-0.0.8.1@sha256:dfdd896627c489da4d35b85a3250466b69e324752774cc34324957bdeffc43aa,3251
    pantry-tree:
      sha256: 68bc512841bc21a937a749dbd13992f3b0c2f7b11506d153aeae467855f6ae92
      size: 1179
  original:
    hackage: patch-0.0.8.1
- completed:
    hackage: zenc-0.1.2@sha256:2b32c40a3c11f07f466604526aacad2a535309da11b203334dbf586333c13534,1350
    pantry-tree:
      sha256: e33b84b5528779e4d5c0887b88ebdb0290902ba4367ed786dfc366b29d485d81
      size: 302
  original:
    hackage: zenc-0.1.2
- completed:
    hackage: commutative-semigroups-0.1.0.1@sha256:1d08a56dee1822cbeb3b0d670acd89da83d3ebdb0c15a8d3a45af8c599de3f2f,1106
    pantry-tree:
      sha256: 442a31462b71e55e23bef2e35534595cffc7dc3c7827b97c9ed8e09b2cdc9cd0
      size: 416
  original:
    hackage: commutative-semigroups-0.1.0.1
- completed:
    hackage: jsaddle-wkwebview-0.9.8.2@sha256:65cc45b1d036768703210794ddc03249492314977cd5610629088d74c685b51a,1951
    pantry-tree:
      sha256: ee3dabbceca7f8fed3531c5ee7c1762f970033c4a290281a6608c56b622a48ac
      size: 696
  original:
    hackage: jsaddle-wkwebview-0.9.8.2
- completed:
    hackage: jsaddle-webkit2gtk-0.9.8.2@sha256:9bf7076f325c6d0808a6de11cdcface9ac57fdc8283af4ba88af7207601b880b,1483
    pantry-tree:
      sha256: 23d15ec78260ff0e5c46a36cfaeb60bed798107e2939b8899de572afeea30807
      size: 249
  original:
    hackage: jsaddle-webkit2gtk-0.9.8.2
- completed:
    hackage: gi-webkit2-4.0.29@sha256:3f92f3902272b3fe5b47bb203c7cc06b3ef801423f16c4f37d116521e23d72b7,12174
    pantry-tree:
      sha256: 52520105c70bd429d917d51f595bc8c4a62b9c0e207525d22c775a20fdeb66d3
      size: 366
  original:
    hackage: gi-webkit2-4.0.29
- completed:
    hackage: webkit2gtk3-javascriptcore-0.14.4.4@sha256:4cd3265b68fc6b5f231a949ec1804e45651b3dcd936b5403422090fb8732ae4b,2121
    pantry-tree:
      sha256: 5a0f8e86847dbe6b34eaddf140f1b33fbc232bce0dac8b21941da65965eddd49
      size: 814
  original:
    hackage: webkit2gtk3-javascriptcore-0.14.4.4
- completed:
    hackage: gi-soup-2.4.26@sha256:b0158d87ea72827507d4d7f9b3522752c3250e9596a9d25ce58076a39d5f0b4b,8937
    pantry-tree:
      sha256: 01a84865f195525410a78d8dd6a73e76f110bdb9a4c294e76171fd33c2cbe594
      size: 358
  original:
    hackage: gi-soup-2.4.26
snapshots:
- completed:
    sha256: 42f77c84b34f68c30c2cd0bf8c349f617a0f428264362426290847a6a2019b64
    size: 649618
    url: https://raw.githubusercontent.com/commercialhaskell/stackage-snapshots/master/lts/20/19.yaml
  original: lts-20.19
